
Microsoft Visual Studio Solution File, Format Version 12.00
# Visual Studio Version 16
VisualStudioVersion = 16.0.32510.428
MinimumVisualStudioVersion = 10.0.40219.1
Project("{8BC9CEB8-8B4A-11D0-8D11-00A0C91BC942}") = "ITMO.CppLearning_pr-3", "ITMO.CppLearning_pr-3.vcxproj", "{C996033C-F134-4625-8904-39D4BB9089CB}"
EndProject
Project("{8BC9CEB8-8B4A-11D0-8D11-00A0C91BC942}") = "Cpp_practice_3-2", "..\Cpp_practice_3-2\Cpp_practice_3-2.vcxproj", "{0F1CFA1A-DE51-4787-8E59-A130FCBD1AFB}"
EndProject
Project("{8BC9CEB8-8B4A-11D0-8D11-00A0C91BC942}") = "Cpp_practice_3-3", "..\Cpp_practice_3-3\Cpp_practice_3-3.vcxproj", "{2006CC20-44BD-499C-9611-56E76446A31E}"
EndProject
Project("{8BC9CEB8-8B4A-11D0-8D11-00A0C91BC942}") = "Cpp_practice_4-1", "..\Cpp_practice_4-1\Cpp_practice_4-1.vcxproj", "{C18E7E48-D313-4C03-B36D-044F483B6C0B}"
EndProject
Global
	GlobalSection(SolutionConfigurationPlatforms) = preSolution
		Debug|x64 = Debug|x64
		Debug|x86 = Debug|x86
		Release|x64 = Release|x64
		Release|x86 = Release|x86
	EndGlobalSection
	GlobalSection(ProjectConfigurationPlatforms) = postSolution
		{C996033C-F134-4625-8904-39D4BB9089CB}.Debug|x64.ActiveCfg = Debug|x64
		{C996033C-F134-4625-8904-39D4BB9089CB}.Debug|x64.Build.0 = Debug|x64
		{C996033C-F134-4625-8904-39D4BB9089CB}.Debug|x86.ActiveCfg = Debug|Win32
		{C996033C-F134-4625-8904-39D4BB9089CB}.Debug|x86.Build.0 = Debug|Win32
		{C996033C-F134-4625-8904-39D4BB9089CB}.Release|x64.ActiveCfg = Release|x64
		{C996033C-F134-4625-8904-39D4BB9089CB}.Release|x64.Build.0 = Release|x64
		{C996033C-F134-4625-8904-39D4BB9089CB}.Release|x86.ActiveCfg = Release|Win32
		{C996033C-F134-4625-8904-39D4BB9089CB}.Release|x86.Build.0 = Release|Win32
		{0F1CFA1A-DE51-4787-8E59-A130FCBD1AFB}.Debug|x64.ActiveCfg = Debug|x64
		{0F1CFA1A-DE51-4787-8E59-A130FCBD1AFB}.Debug|x64.Build.0 = Debug|x64
		{0F1CFA1A-DE51-4787-8E59-A130FCBD1AFB}.Debug|x86.ActiveCfg = Debug|Win32
		{0F1CFA1A-DE51-4787-8E59-A130FCBD1AFB}.Debug|x86.Build.0 = Debug|Win32
		{0F1CFA1A-DE51-4787-8E59-A130FCBD1AFB}.Release|x64.ActiveCfg = Release|x64
		{0F1CFA1A-DE51-4787-8E59-A130FCBD1AFB}.Release|x64.Build.0 = Release|x64
		{0F1CFA1A-DE51-4787-8E59-A130FCBD1AFB}.Release|x86.ActiveCfg = Release|Win32
		{0F1CFA1A-DE51-4787-8E59-A130FCBD1AFB}.Release|x86.Build.0 = Release|Win32
		{2006CC20-44BD-499C-9611-56E76446A31E}.Debug|x64.ActiveCfg = Debug|x64
		{2006CC20-44BD-499C-9611-56E76446A31E}.Debug|x64.Build.0 = Debug|x64
		{2006CC20-44BD-499C-9611-56E76446A31E}.Debug|x86.ActiveCfg = Debug|Win32
		{2006CC20-44BD-499C-9611-56E76446A31E}.Debug|x86.Build.0 = Debug|Win32
		{2006CC20-44BD-499C-9611-56E76446A31E}.Release|x64.ActiveCfg = Release|x64
		{2006CC20-44BD-499C-9611-56E76446A31E}.Release|x64.Build.0 = Release|x64
		{2006CC20-44BD-499C-9611-56E76446A31E}.Release|x86.ActiveCfg = Release|Win32
		{2006CC20-44BD-499C-9611-56E76446A31E}.Release|x86.Build.0 = Release|Win32
		{C18E7E48-D313-4C03-B36D-044F483B6C0B}.Debug|x64.ActiveCfg = Debug|x64
		{C18E7E48-D313-4C03-B36D-044F483B6C0B}.Debug|x64.Build.0 = Debug|x64
		{C18E7E48-D313-4C03-B36D-044F483B6C0B}.Debug|x86.ActiveCfg = Debug|Win32
		{C18E7E48-D313-4C03-B36D-044F483B6C0B}.Debug|x86.Build.0 = Debug|Win32
		{C18E7E48-D313-4C03-B36D-044F483B6C0B}.Release|x64.ActiveCfg = Release|x64
		{C18E7E48-D313-4C03-B36D-044F483B6C0B}.Release|x64.Build.0 = Release|x64
		{C18E7E48-D313-4C03-B36D-044F483B6C0B}.Release|x86.ActiveCfg = Release|Win32
		{C18E7E48-D313-4C03-B36D-044F483B6C0B}.Release|x86.Build.0 = Release|Win32
	EndGlobalSection
	GlobalSection(SolutionProperties) = preSolution
		HideSolutionNode = FALSE
	EndGlobalSection
	GlobalSection(ExtensibilityGlobals) = postSolution
		SolutionGuid = {99BD19EA-C77B-47F2-9061-B8BC65D9A361}
	EndGlobalSection
EndGlobal
